// !$*UTF8*$!
{
	archiveVersion = 1;
	classes = {
	};
	objectVersion = 50;
	objects = {

/* Begin PBXBuildFile section */
		CF4900872109A90300DAE8B1 /* MessageUI.framework in Frameworks */ = {isa = PBXBuildFile; fileRef = CF4900862109A90300DAE8B1 /* MessageUI.framework */; };
		CF607DD3210554270002D18A /* HistorySelectTableViewCell.swift in Sources */ = {isa = PBXBuildFile; fileRef = CF607DD2210554270002D18A /* HistorySelectTableViewCell.swift */; };
		CF752DDB20EF476F0063B4C4 /* AppDelegate.swift in Sources */ = {isa = PBXBuildFile; fileRef = CF752DDA20EF476F0063B4C4 /* AppDelegate.swift */; };
		CF752DDD20EF476F0063B4C4 /* ViewController.swift in Sources */ = {isa = PBXBuildFile; fileRef = CF752DDC20EF476F0063B4C4 /* ViewController.swift */; };
		CF752DE020EF476F0063B4C4 /* Main.storyboard in Resources */ = {isa = PBXBuildFile; fileRef = CF752DDE20EF476F0063B4C4 /* Main.storyboard */; };
		CF752DE220EF47710063B4C4 /* Assets.xcassets in Resources */ = {isa = PBXBuildFile; fileRef = CF752DE120EF47710063B4C4 /* Assets.xcassets */; };
		CF752DE520EF47710063B4C4 /* LaunchScreen.storyboard in Resources */ = {isa = PBXBuildFile; fileRef = CF752DE320EF47710063B4C4 /* LaunchScreen.storyboard */; };
		CF752E1320F5A8330063B4C4 /* MyTabBarController.swift in Sources */ = {isa = PBXBuildFile; fileRef = CF752E1220F5A8330063B4C4 /* MyTabBarController.swift */; };
		CF752E1520F5D0400063B4C4 /* HistoryViewController.swift in Sources */ = {isa = PBXBuildFile; fileRef = CF752E1420F5D0400063B4C4 /* HistoryViewController.swift */; };
		CF752E1920F743220063B4C4 /* SuicaData.swift in Sources */ = {isa = PBXBuildFile; fileRef = CF752E1820F743220063B4C4 /* SuicaData.swift */; };
		CF917BDF2100291E000C513D /* SelectTableViewCell.swift in Sources */ = {isa = PBXBuildFile; fileRef = CF917BDE2100291E000C513D /* SelectTableViewCell.swift */; };
/* End PBXBuildFile section */

/* Begin PBXFileReference section */
		CF4900862109A90300DAE8B1 /* MessageUI.framework */ = {isa = PBXFileReference; lastKnownFileType = wrapper.framework; name = MessageUI.framework; path = System/Library/Frameworks/MessageUI.framework; sourceTree = SDKROOT; };
		CF607DD2210554270002D18A /* HistorySelectTableViewCell.swift */ = {isa = PBXFileReference; lastKnownFileType = sourcecode.swift; path = HistorySelectTableViewCell.swift; sourceTree = "<group>"; };
		CF752DD720EF476F0063B4C4 /* TableView and Cell.app */ = {isa = PBXFileReference; explicitFileType = wrapper.application; includeInIndex = 0; path = "TableView and Cell.app"; sourceTree = BUILT_PRODUCTS_DIR; };
		CF752DDA20EF476F0063B4C4 /* AppDelegate.swift */ = {isa = PBXFileReference; lastKnownFileType = sourcecode.swift; path = AppDelegate.swift; sourceTree = "<group>"; };
		CF752DDC20EF476F0063B4C4 /* ViewController.swift */ = {isa = PBXFileReference; lastKnownFileType = sourcecode.swift; path = ViewController.swift; sourceTree = "<group>"; };
		CF752DDF20EF476F0063B4C4 /* Base */ = {isa = PBXFileReference; lastKnownFileType = file.storyboard; name = Base; path = Base.lproj/Main.storyboard; sourceTree = "<group>"; };
		CF752DE120EF47710063B4C4 /* Assets.xcassets */ = {isa = PBXFileReference; lastKnownFileType = folder.assetcatalog; path = Assets.xcassets; sourceTree = "<group>"; };
		CF752DE420EF47710063B4C4 /* Base */ = {isa = PBXFileReference; lastKnownFileType = file.storyboard; name = Base; path = Base.lproj/LaunchScreen.storyboard; sourceTree = "<group>"; };
		CF752DE620EF47710063B4C4 /* Info.plist */ = {isa = PBXFileReference; lastKnownFileType = text.plist.xml; path = Info.plist; sourceTree = "<group>"; };
		CF752E1220F5A8330063B4C4 /* MyTabBarController.swift */ = {isa = PBXFileReference; lastKnownFileType = sourcecode.swift; path = MyTabBarController.swift; sourceTree = "<group>"; };
		CF752E1420F5D0400063B4C4 /* HistoryViewController.swift */ = {isa = PBXFileReference; lastKnownFileType = sourcecode.swift; path = HistoryViewController.swift; sourceTree = "<group>"; };
		CF752E1820F743220063B4C4 /* SuicaData.swift */ = {isa = PBXFileReference; lastKnownFileType = sourcecode.swift; path = SuicaData.swift; sourceTree = "<group>"; };
		CF917BDE2100291E000C513D /* SelectTableViewCell.swift */ = {isa = PBXFileReference; lastKnownFileType = sourcecode.swift; path = SelectTableViewCell.swift; sourceTree = "<group>"; };
/* End PBXFileReference section */

/* Begin PBXFrameworksBuildPhase section */
		CF752DD420EF476F0063B4C4 /* Frameworks */ = {
			isa = PBXFrameworksBuildPhase;
			buildActionMask = 2147483647;
			files = (
				CF4900872109A90300DAE8B1 /* MessageUI.framework in Frameworks */,
			);
			runOnlyForDeploymentPostprocessing = 0;
		};
/* End PBXFrameworksBuildPhase section */

/* Begin PBXGroup section */
		CF4900852109A90200DAE8B1 /* Frameworks */ = {
			isa = PBXGroup;
			children = (
				CF4900862109A90300DAE8B1 /* MessageUI.framework */,
			);
			name = Frameworks;
			sourceTree = "<group>";
		};
		CF752DCE20EF476F0063B4C4 = {
			isa = PBXGroup;
			children = (
				CF752DD920EF476F0063B4C4 /* TableView and Cell */,
				CF752DD820EF476F0063B4C4 /* Products */,
				CF4900852109A90200DAE8B1 /* Frameworks */,
			);
			sourceTree = "<group>";
		};
		CF752DD820EF476F0063B4C4 /* Products */ = {
			isa = PBXGroup;
			children = (
				CF752DD720EF476F0063B4C4 /* TableView and Cell.app */,
			);
			name = Products;
			sourceTree = "<group>";
		};
		CF752DD920EF476F0063B4C4 /* TableView and Cell */ = {
			isa = PBXGroup;
			children = (
				CF752DDA20EF476F0063B4C4 /* AppDelegate.swift */,
				CF752DDC20EF476F0063B4C4 /* ViewController.swift */,
				CF752DDE20EF476F0063B4C4 /* Main.storyboard */,
				CF607DD2210554270002D18A /* HistorySelectTableViewCell.swift */,
				CF917BDE2100291E000C513D /* SelectTableViewCell.swift */,
				CF752E1820F743220063B4C4 /* SuicaData.swift */,
				CF752E1420F5D0400063B4C4 /* HistoryViewController.swift */,
				CF752E1220F5A8330063B4C4 /* MyTabBarController.swift */,
				CF752DE120EF47710063B4C4 /* Assets.xcassets */,
				CF752DE320EF47710063B4C4 /* LaunchScreen.storyboard */,
				CF752DE620EF47710063B4C4 /* Info.plist */,
			);
			path = "TableView and Cell";
			sourceTree = "<group>";
		};
/* End PBXGroup section */

/* Begin PBXNativeTarget section */
		CF752DD620EF476F0063B4C4 /* TableView and Cell */ = {
			isa = PBXNativeTarget;
			buildConfigurationList = CF752DE920EF47710063B4C4 /* Build configuration list for PBXNativeTarget "TableView and Cell" */;
			buildPhases = (
				CF752DD320EF476F0063B4C4 /* Sources */,
				CF752DD420EF476F0063B4C4 /* Frameworks */,
				CF752DD520EF476F0063B4C4 /* Resources */,
			);
			buildRules = (
			);
			dependencies = (
			);
			name = "TableView and Cell";
			productName = "TableView and Cell";
			productReference = CF752DD720EF476F0063B4C4 /* TableView and Cell.app */;
			productType = "com.apple.product-type.application";
		};
/* End PBXNativeTarget section */

/* Begin PBXProject section */
		CF752DCF20EF476F0063B4C4 /* Project object */ = {
			isa = PBXProject;
			attributes = {
				LastSwiftUpdateCheck = 0940;
				LastUpgradeCheck = 0940;
				ORGANIZATIONNAME = "宮内諒太";
				TargetAttributes = {
					CF752DD620EF476F0063B4C4 = {
						CreatedOnToolsVersion = 9.4.1;
					};
				};
			};
			buildConfigurationList = CF752DD220EF476F0063B4C4 /* Build configuration list for PBXProject "TableView and Cell" */;
			compatibilityVersion = "Xcode 9.3";
			developmentRegion = en;
			hasScannedForEncodings = 0;
			knownRegions = (
				en,
				Base,
			);
			mainGroup = CF752DCE20EF476F0063B4C4;
			productRefGroup = CF752DD820EF476F0063B4C4 /* Products */;
			projectDirPath = "";
			projectRoot = "";
			targets = (
				CF752DD620EF476F0063B4C4 /* TableView and Cell */,
			);
		};
/* End PBXProject section */

/* Begin PBXResourcesBuildPhase section */
		CF752DD520EF476F0063B4C4 /* Resources */ = {
			isa = PBXResourcesBuildPhase;
			buildActionMask = 2147483647;
			files = (
				CF752DE520EF47710063B4C4 /* LaunchScreen.storyboard in Resources */,
				CF752DE220EF47710063B4C4 /* Assets.xcassets in Resources */,
				CF752DE020EF476F0063B4C4 /* Main.storyboard in Resources */,
			);
			runOnlyForDeploymentPostprocessing = 0;
		};
/* End PBXResourcesBuildPhase section */

/* Begin PBXSourcesBuildPhase section */
		CF752DD320EF476F0063B4C4 /* Sources */ = {
			isa = PBXSourcesBuildPhase;
			buildActionMask = 2147483647;
			files = (
				CF752E1920F743220063B4C4 /* SuicaData.swift in Sources */,
				CF752DDD20EF476F0063B4C4 /* ViewController.swift in Sources */,
				CF607DD3210554270002D18A /* HistorySelectTableViewCell.swift in Sources */,
				CF752DDB20EF476F0063B4C4 /* AppDelegate.swift in Sources */,
				CF752E1320F5A8330063B4C4 /* MyTabBarController.swift in Sources */,
				CF752E1520F5D0400063B4C4 /* HistoryViewController.swift in Sources */,
				CF917BDF2100291E000C513D /* SelectTableViewCell.swift in Sources */,
			);
			runOnlyForDeploymentPostprocessing = 0;
		};
/* End PBXSourcesBuildPhase section */

/* Begin PBXVariantGroup section */
		CF752DDE20EF476F0063B4C4 /* Main.storyboard */ = {
			isa = PBXVariantGroup;
			children = (
				CF752DDF20EF476F0063B4C4 /* Base */,
			);
			name = Main.storyboard;
			sourceTree = "<group>";
		};
		CF752DE320EF47710063B4C4 /* LaunchScreen.storyboard */ = {
			isa = PBXVariantGroup;
			children = (
				CF752DE420EF47710063B4C4 /* Base */,
			);
			name = LaunchScreen.storyboard;
			sourceTree = "<group>";
		};
/* End PBXVariantGroup section */

/* Begin XCBuildConfiguration section */
		CF752DE720EF47710063B4C4 /* Debug */ = {
			isa = XCBuildConfiguration;
			buildSettings = {
				ALWAYS_SEARCH_USER_PATHS = NO;
				CLANG_ANALYZER_NONNULL = YES;
				CLANG_ANALYZER_NUMBER_OBJECT_CONVERSION = YES_AGGRESSIVE;
				CLANG_CXX_LANGUAGE_STANDARD = "gnu++14";
				CLANG_CXX_LIBRARY = "libc++";
				CLANG_ENABLE_MODULES = YES;
				CLANG_ENABLE_OBJC_ARC = YES;
				CLANG_ENABLE_OBJC_WEAK = YES;
				CLANG_WARN_BLOCK_CAPTURE_AUTORELEASING = YES;
				CLANG_WARN_BOOL_CONVERSION = YES;
				CLANG_WARN_COMMA = YES;
				CLANG_WARN_CONSTANT_CONVERSION = YES;
				CLANG_WARN_DEPRECATED_OBJC_IMPLEMENTATIONS = YES;
				CLANG_WARN_DIRECT_OBJC_ISA_USAGE = YES_ERROR;
				CLANG_WARN_DOCUMENTATION_COMMENTS = YES;
				CLANG_WARN_EMPTY_BODY = YES;
				CLANG_WARN_ENUM_CONVERSION = YES;
				CLANG_WARN_INFINITE_RECURSION = YES;
				CLANG_WARN_INT_CONVERSION = YES;
				CLANG_WARN_NON_LITERAL_NULL_CONVERSION = YES;
				CLANG_WARN_OBJC_IMPLICIT_RETAIN_SELF = YES;
				CLANG_WARN_OBJC_LITERAL_CONVERSION = YES;
				CLANG_WARN_OBJC_ROOT_CLASS = YES_ERROR;
				CLANG_WARN_RANGE_LOOP_ANALYSIS = YES;
				CLANG_WARN_STRICT_PROTOTYPES = YES;
				CLANG_WARN_SUSPICIOUS_MOVE = YES;
				CLANG_WARN_UNGUARDED_AVAILABILITY = YES_AGGRESSIVE;
				CLANG_WARN_UNREACHABLE_CODE = YES;
				CLANG_WARN__DUPLICATE_METHOD_MATCH = YES;
				CODE_SIGN_IDENTITY = "iPhone Developer";
				COPY_PHASE_STRIP = NO;
				DEBUG_INFORMATION_FORMAT = dwarf;
				ENABLE_STRICT_OBJC_MSGSEND = YES;
				ENABLE_TESTABILITY = YES;
				GCC_C_LANGUAGE_STANDARD = gnu11;
				GCC_DYNAMIC_NO_PIC = NO;
				GCC_NO_COMMON_BLOCKS = YES;
				GCC_OPTIMIZATION_LEVEL = 0;
				GCC_PREPROCESSOR_DEFINITIONS = (
					"DEBUG=1",
					"$(inherited)",
				);
				GCC_WARN_64_TO_32_BIT_CONVERSION = YES;
				GCC_WARN_ABOUT_RETURN_TYPE = YES_ERROR;
				GCC_WARN_UNDECLARED_SELECTOR = YES;
				GCC_WARN_UNINITIALIZED_AUTOS = YES_AGGRESSIVE;
				GCC_WARN_UNUSED_FUNCTION = YES;
				GCC_WARN_UNUSED_VARIABLE = YES;
				IPHONEOS_DEPLOYMENT_TARGET = 11.4;
				MTL_ENABLE_DEBUG_INFO = YES;
				ONLY_ACTIVE_ARCH = YES;
				SDKROOT = iphoneos;
				SWIFT_ACTIVE_COMPILATION_CONDITIONS = DEBUG;
				SWIFT_OPTIMIZATION_LEVEL = "-Onone";
			};
			name = Debug;
		};
		CF752DE820EF47710063B4C4 /* Release */ = {
			isa = XCBuildConfiguration;
			buildSettings = {
				ALWAYS_SEARCH_USER_PATHS = NO;
				CLANG_ANALYZER_NONNULL = YES;
				CLANG_ANALYZER_NUMBER_OBJECT_CONVERSION = YES_AGGRESSIVE;
				CLANG_CXX_LANGUAGE_STANDARD = "gnu++14";
				CLANG_CXX_LIBRARY = "libc++";
				CLANG_ENABLE_MODULES = YES;
				CLANG_ENABLE_OBJC_ARC = YES;
				CLANG_ENABLE_OBJC_WEAK = YES;
				CLANG_WARN_BLOCK_CAPTURE_AUTORELEASING = YES;
				CLANG_WARN_BOOL_CONVERSION = YES;
				CLANG_WARN_COMMA = YES;
				CLANG_WARN_CONSTANT_CONVERSION = YES;
				CLANG_WARN_DEPRECATED_OBJC_IMPLEMENTATIONS = YES;
				CLANG_WARN_DIRECT_OBJC_ISA_USAGE = YES_ERROR;
				CLANG_WARN_DOCUMENTATION_COMMENTS = YES;
				CLANG_WARN_EMPTY_BODY = YES;
				CLANG_WARN_ENUM_CONVERSION = YES;
				CLANG_WARN_INFINITE_RECURSION = YES;
				CLANG_WARN_INT_CONVERSION = YES;
				CLANG_WARN_NON_LITERAL_NULL_CONVERSION = YES;
				CLANG_WARN_OBJC_IMPLICIT_RETAIN_SELF = YES;
				CLANG_WARN_OBJC_LITERAL_CONVERSION = YES;
				CLANG_WARN_OBJC_ROOT_CLASS = YES_ERROR;
				CLANG_WARN_RANGE_LOOP_ANALYSIS = YES;
				CLANG_WARN_STRICT_PROTOTYPES = YES;
				CLANG_WARN_SUSPICIOUS_MOVE = YES;
				CLANG_WARN_UNGUARDED_AVAILABILITY = YES_AGGRESSIVE;
				CLANG_WARN_UNREACHABLE_CODE = YES;
				CLANG_WARN__DUPLICATE_METHOD_MATCH = YES;
				CODE_SIGN_IDENTITY = "iPhone Developer";
				COPY_PHASE_STRIP = NO;
				DEBUG_INFORMATION_FORMAT = "dwarf-with-dsym";
				ENABLE_NS_ASSERTIONS = NO;
				ENABLE_STRICT_OBJC_MSGSEND = YES;
				GCC_C_LANGUAGE_STANDARD = gnu11;
				GCC_NO_COMMON_BLOCKS = YES;
				GCC_WARN_64_TO_32_BIT_CONVERSION = YES;
				GCC_WARN_ABOUT_RETURN_TYPE = YES_ERROR;
				GCC_WARN_UNDECLARED_SELECTOR = YES;
				GCC_WARN_UNINITIALIZED_AUTOS = YES_AGGRESSIVE;
				GCC_WARN_UNUSED_FUNCTION = YES;
				GCC_WARN_UNUSED_VARIABLE = YES;
				IPHONEOS_DEPLOYMENT_TARGET = 11.4;
				MTL_ENABLE_DEBUG_INFO = NO;
				SDKROOT = iphoneos;
				SWIFT_COMPILATION_MODE = wholemodule;
				SWIFT_OPTIMIZATION_LEVEL = "-O";
				VALIDATE_PRODUCT = YES;
			};
			name = Release;
		};
		CF752DEA20EF47710063B4C4 /* Debug */ = {
			isa = XCBuildConfiguration;
			buildSettings = {
				ASSETCATALOG_COMPILER_APPICON_NAME = AppIcon;
				CODE_SIGN_STYLE = Automatic;
				DEVELOPMENT_TEAM = 225R7SL8TF;
				INFOPLIST_FILE = "TableView and Cell/Info.plist";
				IPHONEOS_DEPLOYMENT_TARGET = 10.3;
				LD_RUNPATH_SEARCH_PATHS = (
					"$(inherited)",
					"@executable_path/Frameworks",
				);
				PRODUCT_BUNDLE_IDENTIFIER = "jp.miya.TableView-and-Cell";
				PRODUCT_NAME = "$(TARGET_NAME)";
				SWIFT_VERSION = 4.0;
				TARGETED_DEVICE_FAMILY = "1,2";
			};
			name = Debug;
		};
		CF752DEB20EF47710063B4C4 /* Release */ = {
			isa = XCBuildConfiguration;
			buildSettings = {
				ASSETCATALOG_COMPILER_APPICON_NAME = AppIcon;
				CODE_SIGN_STYLE = Automatic;
				DEVELOPMENT_TEAM = 225R7SL8TF;
				INFOPLIST_FILE = "TableView and Cell/Info.plist";
				IPHONEOS_DEPLOYMENT_TARGET = 10.3;
				LD_RUNPATH_SEARCH_PATHS = (
					"$(inherited)",
					"@executable_path/Frameworks",
				);
				PRODUCT_BUNDLE_IDENTIFIER = "jp.miya.TableView-and-Cell";
				PRODUCT_NAME = "$(TARGET_NAME)";
				SWIFT_VERSION = 4.0;
				TARGETED_DEVICE_FAMILY = "1,2";
			};
			name = Release;
		};
/* End XCBuildConfiguration section */

/* Begin XCConfigurationList section */
		CF752DD220EF476F0063B4C4 /* Build configuration list for PBXProject "TableView and Cell" */ = {
			isa = XCConfigurationList;
			buildConfigurations = (
				CF752DE720EF47710063B4C4 /* Debug */,
				CF752DE820EF47710063B4C4 /* Release */,
			);
			defaultConfigurationIsVisible = 0;
			defaultConfigurationName = Release;
		};
		CF752DE920EF47710063B4C4 /* Build configuration list for PBXNativeTarget "TableView and Cell" */ = {
			isa = XCConfigurationList;
			buildConfigurations = (
				CF752DEA20EF47710063B4C4 /* Debug */,
				CF752DEB20EF47710063B4C4 /* Release */,
			);
			defaultConfigurationIsVisible = 0;
			defaultConfigurationName = Release;
		};
/* End XCConfigurationList section */
	};
	rootObject = CF752DCF20EF476F0063B4C4 /* Project object */;
}
